lockfileVersion: '9.0'

settings:
  autoInstallPeers: true
  excludeLinksFromLockfile: false

importers:

  .:
    dependencies:
      cbor-x:
        specifier: ^1.6.0
        version: 1.6.0
      crypto-es:
        specifier: ^2.1.0
        version: 2.1.0
      ethers:
        specifier: ^6.13.5
        version: 6.13.5
      qrcode:
        specifier: ^1.5.4
        version: 1.5.4
      tall:
        specifier: ^8.0.0
        version: 8.0.0
      typescript:
        specifier: ^5
        version: 5.8.3
    devDependencies:
      '@types/bun':
        specifier: latest
        version: 1.2.5
      '@types/chrome':
        specifier: ^0.0.309
        version: 0.0.309
      '@types/qrcode':
        specifier: ^1.5.5
        version: 1.5.5
      prettier:
        specifier: ^3.5.3
        version: 3.5.3

packages:

  '@adraffy/ens-normalize@1.10.1':
    resolution: {integrity: sha512-96Z2IP3mYmF1Xg2cDm8f1gWGf/HUVedQ3FMifV4kG/PQ4yEP51xDtRAEfhVNt5f/uzpNkZHwWQuUcu6D6K+Ekw==}

  '@cbor-extract/cbor-extract-darwin-arm64@2.2.0':
    resolution: {integrity: sha512-P7swiOAdF7aSi0H+tHtHtr6zrpF3aAq/W9FXx5HektRvLTM2O89xCyXF3pk7pLc7QpaY7AoaE8UowVf9QBdh3w==}
    cpu: [arm64]
    os: [darwin]

  '@cbor-extract/cbor-extract-darwin-x64@2.2.0':
    resolution: {integrity: sha512-1liF6fgowph0JxBbYnAS7ZlqNYLf000Qnj4KjqPNW4GViKrEql2MgZnAsExhY9LSy8dnvA4C0qHEBgPrll0z0w==}
    cpu: [x64]
    os: [darwin]

  '@cbor-extract/cbor-extract-linux-arm64@2.2.0':
    resolution: {integrity: sha512-rQvhNmDuhjTVXSPFLolmQ47/ydGOFXtbR7+wgkSY0bdOxCFept1hvg59uiLPT2fVDuJFuEy16EImo5tE2x3RsQ==}
    cpu: [arm64]
    os: [linux]

  '@cbor-extract/cbor-extract-linux-arm@2.2.0':
    resolution: {integrity: sha512-QeBcBXk964zOytiedMPQNZr7sg0TNavZeuUCD6ON4vEOU/25+pLhNN6EDIKJ9VLTKaZ7K7EaAriyYQ1NQ05s/Q==}
    cpu: [arm]
    os: [linux]

  '@cbor-extract/cbor-extract-linux-x64@2.2.0':
    resolution: {integrity: sha512-cWLAWtT3kNLHSvP4RKDzSTX9o0wvQEEAj4SKvhWuOVZxiDAeQazr9A+PSiRILK1VYMLeDml89ohxCnUNQNQNCw==}
    cpu: [x64]
    os: [linux]

  '@cbor-extract/cbor-extract-win32-x64@2.2.0':
    resolution: {integrity: sha512-l2M+Z8DO2vbvADOBNLbbh9y5ST1RY5sqkWOg/58GkUPBYou/cuNZ68SGQ644f1CvZ8kcOxyZtw06+dxWHIoN/w==}
    cpu: [x64]
    os: [win32]

  '@noble/curves@1.2.0':
    resolution: {integrity: sha512-oYclrNgRaM9SsBUBVbb8M6DTV7ZHRTKugureoYEncY5c65HOmRzvSiTE3y5CYaPYJA/GVkrhXEoF0M3Ya9PMnw==}

  '@noble/hashes@1.3.2':
    resolution: {integrity: sha512-MVC8EAQp7MvEcm30KWENFjgR+Mkmf+D189XJTkFIlwohU5hcBbn1ZkKq7KVTi2Hme3PMGF390DaL52beVrIihQ==}
    engines: {node: '>= 16'}

  '@types/bun@1.2.5':
    resolution: {integrity: sha512-w2OZTzrZTVtbnJew1pdFmgV99H0/L+Pvw+z1P67HaR18MHOzYnTYOi6qzErhK8HyT+DB782ADVPPE92Xu2/Opg==}

  '@types/chrome@0.0.309':
    resolution: {integrity: sha512-ZFADzcp8b+roUrux68U8pti4cmNOLJXWkShk8lfxj9SBcjYqpJt7NypBprSJUJDJVakGZgd2Tt00QePIGh7oPA==}

  '@types/filesystem@0.0.36':
    resolution: {integrity: sha512-vPDXOZuannb9FZdxgHnqSwAG/jvdGM8Wq+6N4D/d80z+D4HWH+bItqsZaVRQykAn6WEVeEkLm2oQigyHtgb0RA==}

  '@types/filewriter@0.0.33':
    resolution: {integrity: sha512-xFU8ZXTw4gd358lb2jw25nxY9QAgqn2+bKKjKOYfNCzN4DKCFetK7sPtrlpg66Ywe3vWY9FNxprZawAh9wfJ3g==}

  '@types/har-format@1.2.16':
    resolution: {integrity: sha512-fluxdy7ryD3MV6h8pTfTYpy/xQzCFC7m89nOH9y94cNqJ1mDIDPut7MnRHI3F6qRmh/cT2fUjG1MLdCNb4hE9A==}

  '@types/node@22.13.10':
    resolution: {integrity: sha512-I6LPUvlRH+O6VRUqYOcMudhaIdUVWfsjnZavnsraHvpBwaEyMN29ry+0UVJhImYL16xsscu0aske3yA+uPOWfw==}

  '@types/node@22.7.5':
    resolution: {integrity: sha512-jML7s2NAzMWc//QSJ1a3prpk78cOPchGvXJsC3C6R6PSMoooztvRVQEz89gmBTBY1SPMaqo5teB4uNHPdetShQ==}

  '@types/qrcode@1.5.5':
    resolution: {integrity: sha512-CdfBi/e3Qk+3Z/fXYShipBT13OJ2fDO2Q2w5CIP5anLTLIndQG9z6P1cnm+8zCWSpm5dnxMFd/uREtb0EXuQzg==}

  '@types/ws@8.5.14':
    resolution: {integrity: sha512-bd/YFLW+URhBzMXurx7lWByOu+xzU9+kb3RboOteXYDfW+tr+JZa99OyNmPINEGB/ahzKrEuc8rcv4gnpJmxTw==}

  aes-js@4.0.0-beta.5:
    resolution: {integrity: sha512-G965FqalsNyrPqgEGON7nIx1e/OVENSgiEIzyC63haUMuvNnwIgIjMs52hlTCKhkBny7A2ORNlfY9Zu+jmGk1Q==}

  ansi-regex@5.0.1:
    resolution: {integrity: sha512-quJQXlTSUGL2LH9SUXo8VwsY4soanhgo6LNSm84E1LBcE8s3O0wpdiRzyR9z/ZZJMlMWv37qOOb9pdJlMUEKFQ==}
    engines: {node: '>=8'}

  ansi-styles@4.3.0:
    resolution: {integrity: sha512-zbB9rCJAT1rbjiVDb2hqKFHNYLxgtk8NURxZ3IZwD3F6NtxbXZQCnnSi1Lkx+IDohdPlFp222wVALIheZJQSEg==}
    engines: {node: '>=8'}

  bun-types@1.2.5:
    resolution: {integrity: sha512-3oO6LVGGRRKI4kHINx5PIdIgnLRb7l/SprhzqXapmoYkFl5m4j6EvALvbDVuuBFaamB46Ap6HCUxIXNLCGy+tg==}

  camelcase@5.3.1:
    resolution: {integrity: sha512-L28STB170nwWS63UjtlEOE3dldQApaJXZkOI1uMFfzf3rRuPegHaHesyee+YxQ+W6SvRDQV6UrdOdRiR153wJg==}
    engines: {node: '>=6'}

  cbor-extract@2.2.0:
    resolution: {integrity: sha512-Ig1zM66BjLfTXpNgKpvBePq271BPOvu8MR0Jl080yG7Jsl+wAZunfrwiwA+9ruzm/WEdIV5QF/bjDZTqyAIVHA==}
    hasBin: true

  cbor-x@1.6.0:
    resolution: {integrity: sha512-0kareyRwHSkL6ws5VXHEf8uY1liitysCVJjlmhaLG+IXLqhSaOO+t63coaso7yjwEzWZzLy8fJo06gZDVQM9Qg==}

  cliui@6.0.0:
    resolution: {integrity: sha512-t6wbgtoCXvAzst7QgXxJYqPt0usEfbgQdftEPbLL/cvv6HPE5VgvqCuAIDR0NgU52ds6rFwqrgakNLrHEjCbrQ==}

  color-convert@2.0.1:
    resolution: {integrity: sha512-RRECPsj7iu/xb5oKYcsFHSppFNnsj/52OVTRKb4zP5onXwVF3zVmmToNcOfGC+CRDpfK/U584fMg38ZHCaElKQ==}
    engines: {node: '>=7.0.0'}

  color-name@1.1.4:
    resolution: {integrity: sha512-dOy+3AuW3a2wNbZHIuMZpTcgjGuLU/uBL/ubcZF9OXbDo8ff4O8yVp5Bf0efS8uEoYo5q4Fx7dY9OgQGXgAsQA==}

  crypto-es@2.1.0:
    resolution: {integrity: sha512-C5Dbuv4QTPGuloy5c5Vv/FZHtmK+lobLAypFfuRaBbwCsk3qbCWWESCH3MUcBsrgXloRNMrzwUAiPg4U6+IaKA==}

  decamelize@1.2.0:
    resolution: {integrity: sha512-z2S+W9X73hAUUki+N+9Za2lBlun89zigOyGrsax+KUQ6wKW4ZoWpEYBkGhQjwAjjDCkWxhY0VKEhk8wzY7F5cA==}
    engines: {node: '>=0.10.0'}

  detect-libc@2.0.3:
    resolution: {integrity: sha512-bwy0MGW55bG41VqxxypOsdSdGqLwXPI/focwgTYCFMbdUiBAxLg9CFzG08sz2aqzknwiX7Hkl0bQENjg8iLByw==}
    engines: {node: '>=8'}

  dijkstrajs@1.0.3:
    resolution: {integrity: sha512-qiSlmBq9+BCdCA/L46dw8Uy93mloxsPSbwnm5yrKn2vMPiy8KyAskTF6zuV/j5BMsmOGZDPs7KjU+mjb670kfA==}

  emoji-regex@8.0.0:
    resolution: {integrity: sha512-MSjYzcWNOA0ewAHpz0MxpYFvwg6yjy1NG3xteoqz644VCo/RPgnr1/GGt+ic3iJTzQ8Eu3TdM14SawnVUmGE6A==}

  ethers@6.13.5:
    resolution: {integrity: sha512-+knKNieu5EKRThQJWwqaJ10a6HE9sSehGeqWN65//wE7j47ZpFhKAnHB/JJFibwwg61I/koxaPsXbXpD/skNOQ==}
    engines: {node: '>=14.0.0'}

  find-up@4.1.0:
    resolution: {integrity: sha512-PpOwAdQ/YlXQ2vj8a3h8IipDuYRi3wceVQQGYWxNINccq40Anw7BlsEXCMbt1Zt+OLA6Fq9suIpIWD0OsnISlw==}
    engines: {node: '>=8'}

  get-caller-file@2.0.5:
    resolution: {integrity: sha512-DyFP3BM/3YHTQOCUL/w0OZHR0lpKeGrxotcHWcqNEdnltqFwXVfhEBQ94eIo34AfQpo0rGki4cyIiftY06h2Fg==}
    engines: {node: 6.* || 8.* || >= 10.*}

  is-fullwidth-code-point@3.0.0:
    resolution: {integrity: sha512-zymm5+u+sCsSWyD9qNaejV3DFvhCKclKdizYaJUuHA83RLjb7nSuGnddCHGv0hk+KY7BMAlsWeK4Ueg6EV6XQg==}
    engines: {node: '>=8'}

  locate-path@5.0.0:
    resolution: {integrity: sha512-t7hw9pI+WvuwNJXwk5zVHpyhIqzg2qTlklJOf0mVxGSbe3Fp2VieZcduNYjaLDoy6p9uGpQEGWG87WpMKlNq8g==}
    engines: {node: '>=8'}

  node-gyp-build-optional-packages@5.1.1:
    resolution: {integrity: sha512-+P72GAjVAbTxjjwUmwjVrqrdZROD4nf8KgpBoDxqXXTiYZZt/ud60dE5yvCSr9lRO8e8yv6kgJIC0K0PfZFVQw==}
    hasBin: true

  p-limit@2.3.0:
    resolution: {integrity: sha512-//88mFWSJx8lxCzwdAABTJL2MyWB12+eIY7MDL2SqLmAkeKU9qxRvWuSyTjm3FUmpBEMuFfckAIqEaVGUDxb6w==}
    engines: {node: '>=6'}

  p-locate@4.1.0:
    resolution: {integrity: sha512-R79ZZ/0wAxKGu3oYMlz8jy/kbhsNrS7SKZ7PxEHBgJ5+F2mtFW2fK2cOtBh1cHYkQsbzFV7I+EoRKe6Yt0oK7A==}
    engines: {node: '>=8'}

  p-try@2.2.0:
    resolution: {integrity: sha512-R4nPAVTAU0B9D35/Gk3uJf/7XYbQcyohSKdvAxIRSNghFl4e71hVoGnBNQz9cWaXxO2I10KTC+3jMdvvoKw6dQ==}
    engines: {node: '>=6'}

  path-exists@4.0.0:
    resolution: {integrity: sha512-ak9Qy5Q7jYb2Wwcey5Fpvg2KoAc/ZIhLSLOSBmRmygPsGwkVVt0fZa0qrtMz+m6tJTAHfZQ8FnmB4MG4LWy7/w==}
    engines: {node: '>=8'}

  pngjs@5.0.0:
    resolution: {integrity: sha512-40QW5YalBNfQo5yRYmiw7Yz6TKKVr3h6970B2YE+3fQpsWcrbj1PzJgxeJ19DRQjhMbKPIuMY8rFaXc8moolVw==}
    engines: {node: '>=10.13.0'}

  prettier@3.5.3:
    resolution: {integrity: sha512-QQtaxnoDJeAkDvDKWCLiwIXkTgRhwYDEQCghU9Z6q03iyek/rxRh/2lC3HB7P8sWT2xC/y5JDctPLBIGzHKbhw==}
    engines: {node: '>=14'}
    hasBin: true

  qrcode@1.5.4:
    resolution: {integrity: sha512-1ca71Zgiu6ORjHqFBDpnSMTR2ReToX4l1Au1VFLyVeBTFavzQnv5JxMFr3ukHVKpSrSA2MCk0lNJSykjUfz7Zg==}
    engines: {node: '>=10.13.0'}
    hasBin: true

  require-directory@2.1.1:
    resolution: {integrity: sha512-fGxEI7+wsG9xrvdjsrlmL22OMTTiHRwAMroiEeMgq8gzoLC/PQr7RsRDSTLUg/bZAZtF+TVIkHc6/4RIKrui+Q==}
    engines: {node: '>=0.10.0'}

  require-main-filename@2.0.0:
    resolution: {integrity: sha512-NKN5kMDylKuldxYLSUfrbo5Tuzh4hd+2E8NPPX02mZtn1VuREQToYe/ZdlJy+J3uCpfaiGF05e7B8W0iXbQHmg==}

  set-blocking@2.0.0:
    resolution: {integrity: sha512-KiKBS8AnWGEyLzofFfmvKwpdPzqiy16LvQfK3yv/fVH7Bj13/wl3JSR1J+rfgRE9q7xUJK4qvgS8raSOeLUehw==}

  string-width@4.2.3:
    resolution: {integrity: sha512-wKyQRQpjJ0sIp62ErSZdGsjMJWsap5oRNihHhu6G7JVO/9jIB6UyevL+tXuOqrng8j/cxKTWyWUwvSTriiZz/g==}
    engines: {node: '>=8'}

  strip-ansi@6.0.1:
    resolution: {integrity: sha512-Y38VPSHcqkFrCpFnQ9vuSXmquuv5oXOKpGeT6aGrr3o3Gc9AlVa6JBfUSOCnbxGGZF+/0ooI7KrPuUSztUdU5A==}
    engines: {node: '>=8'}

  tall@8.0.0:
    resolution: {integrity: sha512-kRS3kKsGvQGdud8PCo6Y0FseC9o8crZmet1b1/zk+Hbzn4cayRcAIIaWNOwuZBgyhMKSDLRwRCE+sZUkzUUCaQ==}
    engines: {node: '>=16.0.0'}

  tslib@2.7.0:
    resolution: {integrity: sha512-gLXCKdN1/j47AiHiOkJN69hJmcbGTHI0ImLmbYLHykhgeN0jVGola9yVjFgzCUklsZQMW55o+dW7IXv3RCXDzA==}

  typescript@5.8.3:
    resolution: {integrity: sha512-p1diW6TqL9L07nNxvRMM7hMMw4c5XOo/1ibL4aAIGmSAt9slTE1Xgw5KWuof2uTOvCg9BY7ZRi+GaF+7sfgPeQ==}
    engines: {node: '>=14.17'}
    hasBin: true

  undici-types@6.19.8:
    resolution: {integrity: sha512-ve2KP6f/JnbPBFyobGHuerC9g1FYGn/F8n1LWTwNxCEzd6IfqTwUQcNXgEtmmQ6DlRrC1hrSrBnCZPokRrDHjw==}

  undici-types@6.20.0:
    resolution: {integrity: sha512-Ny6QZ2Nju20vw1SRHe3d9jVu6gJ+4e3+MMpqu7pqE5HT6WsTSlce++GQmK5UXS8mzV8DSYHrQH+Xrf2jVcuKNg==}

  which-module@2.0.1:
    resolution: {integrity: sha512-iBdZ57RDvnOR9AGBhML2vFZf7h8vmBjhoaZqODJBFWHVtKkDmKuHai3cx5PgVMrX5YDNp27AofYbAwctSS+vhQ==}

  wrap-ansi@6.2.0:
    resolution: {integrity: sha512-r6lPcBGxZXlIcymEu7InxDMhdW0KDxpLgoFLcguasxCaJ/SOIZwINatK9KY/tf+ZrlywOKU0UDj3ATXUBfxJXA==}
    engines: {node: '>=8'}

  ws@8.17.1:
    resolution: {integrity: sha512-6XQFvXTkbfUOZOKKILFG1PDK2NDQs4azKQl26T0YS5CxqWLgXajbPZ+h4gZekJyRqFU8pvnbAbbs/3TgRPy+GQ==}
    engines: {node: '>=10.0.0'}
    peerDependencies:
      bufferutil: ^4.0.1
      utf-8-validate: '>=5.0.2'
    peerDependenciesMeta:
      bufferutil:
        optional: true
      utf-8-validate:
        optional: true

  y18n@4.0.3:
    resolution: {integrity: sha512-JKhqTOwSrqNA1NY5lSztJ1GrBiUodLMmIZuLiDaMRJ+itFd+ABVE8XBjOvIWL+rSqNDC74LCSFmlb/U4UZ4hJQ==}

  yargs-parser@18.1.3:
    resolution: {integrity: sha512-o50j0JeToy/4K6OZcaQmW6lyXXKhq7csREXcDwk2omFPJEwUNOVtJKvmDr9EI1fAJZUyZcRF7kxGBWmRXudrCQ==}
    engines: {node: '>=6'}

  yargs@15.4.1:
    resolution: {integrity: sha512-aePbxDmcYW++PaqBsJ+HYUFwCdv4LVvdnhBy78E57PIor8/OVvhMrADFFEDh8DHDFRv/O9i3lPhsENjO7QX0+A==}
    engines: {node: '>=8'}

snapshots:

  '@adraffy/ens-normalize@1.10.1': {}

  '@cbor-extract/cbor-extract-darwin-arm64@2.2.0':
    optional: true

  '@cbor-extract/cbor-extract-darwin-x64@2.2.0':
    optional: true

  '@cbor-extract/cbor-extract-linux-arm64@2.2.0':
    optional: true

  '@cbor-extract/cbor-extract-linux-arm@2.2.0':
    optional: true

  '@cbor-extract/cbor-extract-linux-x64@2.2.0':
    optional: true

  '@cbor-extract/cbor-extract-win32-x64@2.2.0':
    optional: true

  '@noble/curves@1.2.0':
    dependencies:
      '@noble/hashes': 1.3.2

  '@noble/hashes@1.3.2': {}

  '@types/bun@1.2.5':
    dependencies:
      bun-types: 1.2.5

  '@types/chrome@0.0.309':
    dependencies:
      '@types/filesystem': 0.0.36
      '@types/har-format': 1.2.16

  '@types/filesystem@0.0.36':
    dependencies:
      '@types/filewriter': 0.0.33

  '@types/filewriter@0.0.33': {}

  '@types/har-format@1.2.16': {}

  '@types/node@22.13.10':
    dependencies:
      undici-types: 6.20.0

  '@types/node@22.7.5':
    dependencies:
      undici-types: 6.19.8

  '@types/qrcode@1.5.5':
    dependencies:
      '@types/node': 22.13.10

  '@types/ws@8.5.14':
    dependencies:
      '@types/node': 22.13.10

  aes-js@4.0.0-beta.5: {}

  ansi-regex@5.0.1: {}

  ansi-styles@4.3.0:
    dependencies:
      color-convert: 2.0.1

  bun-types@1.2.5:
    dependencies:
      '@types/node': 22.13.10
      '@types/ws': 8.5.14

  camelcase@5.3.1: {}

  cbor-extract@2.2.0:
    dependencies:
      node-gyp-build-optional-packages: 5.1.1
    optionalDependencies:
      '@cbor-extract/cbor-extract-darwin-arm64': 2.2.0
      '@cbor-extract/cbor-extract-darwin-x64': 2.2.0
      '@cbor-extract/cbor-extract-linux-arm': 2.2.0
      '@cbor-extract/cbor-extract-linux-arm64': 2.2.0
      '@cbor-extract/cbor-extract-linux-x64': 2.2.0
      '@cbor-extract/cbor-extract-win32-x64': 2.2.0
    optional: true

  cbor-x@1.6.0:
    optionalDependencies:
      cbor-extract: 2.2.0

  cliui@6.0.0:
    dependencies:
      string-width: 4.2.3
      strip-ansi: 6.0.1
      wrap-ansi: 6.2.0

  color-convert@2.0.1:
    dependencies:
      color-name: 1.1.4

  color-name@1.1.4: {}

  crypto-es@2.1.0: {}

  decamelize@1.2.0: {}

  detect-libc@2.0.3:
    optional: true

  dijkstrajs@1.0.3: {}

  emoji-regex@8.0.0: {}

  ethers@6.13.5:
    dependencies:
      '@adraffy/ens-normalize': 1.10.1
      '@noble/curves': 1.2.0
      '@noble/hashes': 1.3.2
      '@types/node': 22.7.5
      aes-js: 4.0.0-beta.5
      tslib: 2.7.0
      ws: 8.17.1
    transitivePeerDependencies:
      - bufferutil
      - utf-8-validate

  find-up@4.1.0:
    dependencies:
      locate-path: 5.0.0
      path-exists: 4.0.0

  get-caller-file@2.0.5: {}

  is-fullwidth-code-point@3.0.0: {}

  locate-path@5.0.0:
    dependencies:
      p-locate: 4.1.0

  node-gyp-build-optional-packages@5.1.1:
    dependencies:
      detect-libc: 2.0.3
    optional: true

  p-limit@2.3.0:
    dependencies:
      p-try: 2.2.0

  p-locate@4.1.0:
    dependencies:
      p-limit: 2.3.0

  p-try@2.2.0: {}

  path-exists@4.0.0: {}

  pngjs@5.0.0: {}

  prettier@3.5.3: {}

  qrcode@1.5.4:
    dependencies:
      dijkstrajs: 1.0.3
      pngjs: 5.0.0
      yargs: 15.4.1

  require-directory@2.1.1: {}

  require-main-filename@2.0.0: {}

  set-blocking@2.0.0: {}

  string-width@4.2.3:
    dependencies:
      emoji-regex: 8.0.0
      is-fullwidth-code-point: 3.0.0
      strip-ansi: 6.0.1

  strip-ansi@6.0.1:
    dependencies:
      ansi-regex: 5.0.1

  tall@8.0.0: {}

  tslib@2.7.0: {}

  typescript@5.8.3: {}

  undici-types@6.19.8: {}

  undici-types@6.20.0: {}

  which-module@2.0.1: {}

  wrap-ansi@6.2.0:
    dependencies:
      ansi-styles: 4.3.0
      string-width: 4.2.3
      strip-ansi: 6.0.1

  ws@8.17.1: {}

  y18n@4.0.3: {}

  yargs-parser@18.1.3:
    dependencies:
      camelcase: 5.3.1
      decamelize: 1.2.0

  yargs@15.4.1:
    dependencies:
      cliui: 6.0.0
      decamelize: 1.2.0
      find-up: 4.1.0
      get-caller-file: 2.0.5
      require-directory: 2.1.1
      require-main-filename: 2.0.0
      set-blocking: 2.0.0
      string-width: 4.2.3
      which-module: 2.0.1
      y18n: 4.0.3
      yargs-parser: 18.1.3
